// !$*UTF8*$!
{
	archiveVersion = 1;
	classes = {
	};
	objectVersion = 50;
	objects = {

/* Begin PBXBuildFile section */
		8C726B7DFD206B786EA2C591 /* Pods_Scanner.framework in Frameworks */ = {isa = PBXBuildFile; fileRef = 69811B6644EDBE45C31AC231 /* Pods_Scanner.framework */; };
		E30E61A8227A18D800F8DF86 /* AddTagPresenter.swift in Sources */ = {isa = PBXBuildFile; fileRef = E30E61A2227A18D800F8DF86 /* AddTagPresenter.swift */; };
		E30E61A9227A18D800F8DF86 /* AddTagWorker.swift in Sources */ = {isa = PBXBuildFile; fileRef = E30E61A3227A18D800F8DF86 /* AddTagWorker.swift */; };
		E30E61AA227A18D800F8DF86 /* AddTagRouter.swift in Sources */ = {isa = PBXBuildFile; fileRef = E30E61A4227A18D800F8DF86 /* AddTagRouter.swift */; };
		E30E61AB227A18D800F8DF86 /* AddTagModels.swift in Sources */ = {isa = PBXBuildFile; fileRef = E30E61A5227A18D800F8DF86 /* AddTagModels.swift */; };
		E30E61AC227A18D800F8DF86 /* AddTagViewController.swift in Sources */ = {isa = PBXBuildFile; fileRef = E30E61A6227A18D800F8DF86 /* AddTagViewController.swift */; };
		E30E61AD227A18D800F8DF86 /* AddTagInteractor.swift in Sources */ = {isa = PBXBuildFile; fileRef = E30E61A7227A18D800F8DF86 /* AddTagInteractor.swift */; };
		E30E61B4227A23CA00F8DF86 /* SettingsPresenter.swift in Sources */ = {isa = PBXBuildFile; fileRef = E30E61AE227A23CA00F8DF86 /* SettingsPresenter.swift */; };
		E30E61B5227A23CA00F8DF86 /* SettingsWorker.swift in Sources */ = {isa = PBXBuildFile; fileRef = E30E61AF227A23CA00F8DF86 /* SettingsWorker.swift */; };
		E30E61B6227A23CA00F8DF86 /* SettingsRouter.swift in Sources */ = {isa = PBXBuildFile; fileRef = E30E61B0227A23CA00F8DF86 /* SettingsRouter.swift */; };
		E30E61B7227A23CA00F8DF86 /* SettingsModels.swift in Sources */ = {isa = PBXBuildFile; fileRef = E30E61B1227A23CA00F8DF86 /* SettingsModels.swift */; };
		E30E61B8227A23CA00F8DF86 /* SettingsViewController.swift in Sources */ = {isa = PBXBuildFile; fileRef = E30E61B2227A23CA00F8DF86 /* SettingsViewController.swift */; };
		E30E61B9227A23CA00F8DF86 /* SettingsInteractor.swift in Sources */ = {isa = PBXBuildFile; fileRef = E30E61B3227A23CA00F8DF86 /* SettingsInteractor.swift */; };
		E31C1BDE225BFD8D00A124BE /* AppDelegate.swift in Sources */ = {isa = PBXBuildFile; fileRef = E31C1BDD225BFD8D00A124BE /* AppDelegate.swift */; };
		E31C1BE0225BFD8D00A124BE /* InitialViewController.swift in Sources */ = {isa = PBXBuildFile; fileRef = E31C1BDF225BFD8D00A124BE /* InitialViewController.swift */; };
		E31C1BE3225BFD8D00A124BE /* Main.storyboard in Resources */ = {isa = PBXBuildFile; fileRef = E31C1BE1225BFD8D00A124BE /* Main.storyboard */; };
		E31C1BE5225BFD8E00A124BE /* Assets.xcassets in Resources */ = {isa = PBXBuildFile; fileRef = E31C1BE4225BFD8E00A124BE /* Assets.xcassets */; };
		E31C1BE8225BFD8E00A124BE /* LaunchScreen.storyboard in Resources */ = {isa = PBXBuildFile; fileRef = E31C1BE6225BFD8E00A124BE /* LaunchScreen.storyboard */; };
		E31C1BF9225BFE0C00A124BE /* ListFilesPresenter.swift in Sources */ = {isa = PBXBuildFile; fileRef = E31C1BF3225BFE0C00A124BE /* ListFilesPresenter.swift */; };
		E31C1BFA225BFE0C00A124BE /* ListFilesWorker.swift in Sources */ = {isa = PBXBuildFile; fileRef = E31C1BF4225BFE0C00A124BE /* ListFilesWorker.swift */; };
		E31C1BFB225BFE0C00A124BE /* ListFilesRouter.swift in Sources */ = {isa = PBXBuildFile; fileRef = E31C1BF5225BFE0C00A124BE /* ListFilesRouter.swift */; };
		E31C1BFC225BFE0C00A124BE /* ListFilesModels.swift in Sources */ = {isa = PBXBuildFile; fileRef = E31C1BF6225BFE0C00A124BE /* ListFilesModels.swift */; };
		E31C1BFD225BFE0C00A124BE /* ListFilesViewController.swift in Sources */ = {isa = PBXBuildFile; fileRef = E31C1BF7225BFE0C00A124BE /* ListFilesViewController.swift */; };
		E31C1BFE225BFE0C00A124BE /* ListFilesInteractor.swift in Sources */ = {isa = PBXBuildFile; fileRef = E31C1BF8225BFE0C00A124BE /* ListFilesInteractor.swift */; };
		E31C1C09225C444600A124BE /* Form.swift in Sources */ = {isa = PBXBuildFile; fileRef = E31C1C08225C444600A124BE /* Form.swift */; };
		E345F5D1225FADDF00585793 /* ShowFilePresenter.swift in Sources */ = {isa = PBXBuildFile; fileRef = E345F5CB225FADDF00585793 /* ShowFilePresenter.swift */; };
		E345F5D2225FADDF00585793 /* ShowFileWorker.swift in Sources */ = {isa = PBXBuildFile; fileRef = E345F5CC225FADDF00585793 /* ShowFileWorker.swift */; };
		E345F5D3225FADDF00585793 /* ShowFileRouter.swift in Sources */ = {isa = PBXBuildFile; fileRef = E345F5CD225FADDF00585793 /* ShowFileRouter.swift */; };
		E345F5D4225FADDF00585793 /* ShowFileModels.swift in Sources */ = {isa = PBXBuildFile; fileRef = E345F5CE225FADDF00585793 /* ShowFileModels.swift */; };
		E345F5D5225FADDF00585793 /* ShowFileViewController.swift in Sources */ = {isa = PBXBuildFile; fileRef = E345F5CF225FADDF00585793 /* ShowFileViewController.swift */; };
		E345F5D6225FADDF00585793 /* ShowFileInteractor.swift in Sources */ = {isa = PBXBuildFile; fileRef = E345F5D0225FADDF00585793 /* ShowFileInteractor.swift */; };
		E345F5DA225FB91E00585793 /* PageImageCollectionViewCell.swift in Sources */ = {isa = PBXBuildFile; fileRef = E345F5D8225FB91E00585793 /* PageImageCollectionViewCell.swift */; };
		E345F5DB225FB91E00585793 /* PageImageCollectionViewCell.xib in Resources */ = {isa = PBXBuildFile; fileRef = E345F5D9225FB91E00585793 /* PageImageCollectionViewCell.xib */; };
		E345F5DE225FE48700585793 /* NewPageCollectionViewCell.swift in Sources */ = {isa = PBXBuildFile; fileRef = E345F5DC225FE48700585793 /* NewPageCollectionViewCell.swift */; };
		E345F5DF225FE48700585793 /* NewPageCollectionViewCell.xib in Resources */ = {isa = PBXBuildFile; fileRef = E345F5DD225FE48700585793 /* NewPageCollectionViewCell.xib */; };
		E34EA887225E757B00CCDE7A /* TagCollectionSource.swift in Sources */ = {isa = PBXBuildFile; fileRef = E34EA886225E757B00CCDE7A /* TagCollectionSource.swift */; };
		E356C3B12266E8BB00616BEA /* AddFormTableViewCell.swift in Sources */ = {isa = PBXBuildFile; fileRef = E356C3AF2266E8BA00616BEA /* AddFormTableViewCell.swift */; };
		E356C3B22266E8BB00616BEA /* AddFormTableViewCell.xib in Resources */ = {isa = PBXBuildFile; fileRef = E356C3B02266E8BA00616BEA /* AddFormTableViewCell.xib */; };
		E39840742277A7FF00AF66AC /* RealmLocation.swift in Sources */ = {isa = PBXBuildFile; fileRef = E39840732277A7FF00AF66AC /* RealmLocation.swift */; };
		E3984076227815C300AF66AC /* LocationService.swift in Sources */ = {isa = PBXBuildFile; fileRef = E3984075227815C300AF66AC /* LocationService.swift */; };
		E3984079227816F900AF66AC /* LocationRecord.swift in Sources */ = {isa = PBXBuildFile; fileRef = E3984078227816F900AF66AC /* LocationRecord.swift */; };
		E398407B2278DA3900AF66AC /* ShowFileVCMapDelegate.swift in Sources */ = {isa = PBXBuildFile; fileRef = E398407A2278DA3900AF66AC /* ShowFileVCMapDelegate.swift */; };
		E398407E2278DB6500AF66AC /* LocationAnnotationView.swift in Sources */ = {isa = PBXBuildFile; fileRef = E398407D2278DB6500AF66AC /* LocationAnnotationView.swift */; };
		E39840802278DB7400AF66AC /* LocationAnnotationView.xib in Resources */ = {isa = PBXBuildFile; fileRef = E398407F2278DB7400AF66AC /* LocationAnnotationView.xib */; };
		E39FF304225D176900219FE7 /* UIViewExtension.swift in Sources */ = {isa = PBXBuildFile; fileRef = E39FF302225D176800219FE7 /* UIViewExtension.swift */; };
		E39FF305225D176900219FE7 /* UITextFieldExtension.swift in Sources */ = {isa = PBXBuildFile; fileRef = E39FF303225D176800219FE7 /* UITextFieldExtension.swift */; };
		E39FF30B225D19A900219FE7 /* MainTagCollectionViewCell.swift in Sources */ = {isa = PBXBuildFile; fileRef = E39FF309225D19A900219FE7 /* MainTagCollectionViewCell.swift */; };
		E39FF30C225D19A900219FE7 /* MainTagCollectionViewCell.xib in Resources */ = {isa = PBXBuildFile; fileRef = E39FF30A225D19A900219FE7 /* MainTagCollectionViewCell.xib */; };
		E39FF30F225D19B400219FE7 /* FolderCollectionViewCell.swift in Sources */ = {isa = PBXBuildFile; fileRef = E39FF30D225D19B400219FE7 /* FolderCollectionViewCell.swift */; };
		E39FF310225D19B400219FE7 /* FolderCollectionViewCell.xib in Resources */ = {isa = PBXBuildFile; fileRef = E39FF30E225D19B400219FE7 /* FolderCollectionViewCell.xib */; };
		E39FF313225D19CA00219FE7 /* TagCollectionTableViewCell.swift in Sources */ = {isa = PBXBuildFile; fileRef = E39FF311225D19CA00219FE7 /* TagCollectionTableViewCell.swift */; };
		E39FF314225D19CA00219FE7 /* TagCollectionTableViewCell.xib in Resources */ = {isa = PBXBuildFile; fileRef = E39FF312225D19CA00219FE7 /* TagCollectionTableViewCell.xib */; };
		E39FF317225D19DB00219FE7 /* FolderCollectionTableViewCell.swift in Sources */ = {isa = PBXBuildFile; fileRef = E39FF315225D19DB00219FE7 /* FolderCollectionTableViewCell.swift */; };
		E39FF318225D19DB00219FE7 /* FolderCollectionTableViewCell.xib in Resources */ = {isa = PBXBuildFile; fileRef = E39FF316225D19DB00219FE7 /* FolderCollectionTableViewCell.xib */; };
		E39FF31B225D19E500219FE7 /* FileTableViewCell.swift in Sources */ = {isa = PBXBuildFile; fileRef = E39FF319225D19E500219FE7 /* FileTableViewCell.swift */; };
		E39FF31C225D19E500219FE7 /* FileTableViewCell.xib in Resources */ = {isa = PBXBuildFile; fileRef = E39FF31A225D19E500219FE7 /* FileTableViewCell.xib */; };
		E39FF321225D1C0900219FE7 /* FilterConditionsTableViewCell.swift in Sources */ = {isa = PBXBuildFile; fileRef = E39FF31F225D1C0900219FE7 /* FilterConditionsTableViewCell.swift */; };
		E39FF322225D1C0900219FE7 /* FilterConditionsTableViewCell.xib in Resources */ = {isa = PBXBuildFile; fileRef = E39FF320225D1C0900219FE7 /* FilterConditionsTableViewCell.xib */; };
		E39FF325225D258F00219FE7 /* FormTableViewCell.swift in Sources */ = {isa = PBXBuildFile; fileRef = E39FF323225D258F00219FE7 /* FormTableViewCell.swift */; };
		E39FF326225D258F00219FE7 /* FormTableViewCell.xib in Resources */ = {isa = PBXBuildFile; fileRef = E39FF324225D258F00219FE7 /* FormTableViewCell.xib */; };
		E39FF328225D267400219FE7 /* TagManager.swift in Sources */ = {isa = PBXBuildFile; fileRef = E39FF327225D267400219FE7 /* TagManager.swift */; };
		E39FF32A225D40AB00219FE7 /* RealmPage.swift in Sources */ = {isa = PBXBuildFile; fileRef = E39FF329225D40AB00219FE7 /* RealmPage.swift */; };
		E39FF32C225D40B500219FE7 /* RealmFile.swift in Sources */ = {isa = PBXBuildFile; fileRef = E39FF32B225D40B500219FE7 /* RealmFile.swift */; };
		E39FF32E225D40BA00219FE7 /* RealmTag.swift in Sources */ = {isa = PBXBuildFile; fileRef = E39FF32D225D40BA00219FE7 /* RealmTag.swift */; };
		E39FF330225D40C100219FE7 /* RealmNameTemplate.swift in Sources */ = {isa = PBXBuildFile; fileRef = E39FF32F225D40C100219FE7 /* RealmNameTemplate.swift */; };
		E39FF332225D655F00219FE7 /* FilePageManager.swift in Sources */ = {isa = PBXBuildFile; fileRef = E39FF331225D655F00219FE7 /* FilePageManager.swift */; };
		E39FF334225D86C500219FE7 /* TestGenerator.swift in Sources */ = {isa = PBXBuildFile; fileRef = E39FF333225D86C500219FE7 /* TestGenerator.swift */; };
		E3A855FD2268216F002A05C2 /* ListTagsPresenter.swift in Sources */ = {isa = PBXBuildFile; fileRef = E3A855F72268216E002A05C2 /* ListTagsPresenter.swift */; };
		E3A855FE2268216F002A05C2 /* ListTagsWorker.swift in Sources */ = {isa = PBXBuildFile; fileRef = E3A855F82268216E002A05C2 /* ListTagsWorker.swift */; };
		E3A855FF2268216F002A05C2 /* ListTagsRouter.swift in Sources */ = {isa = PBXBuildFile; fileRef = E3A855F92268216E002A05C2 /* ListTagsRouter.swift */; };
		E3A856002268216F002A05C2 /* ListTagsModels.swift in Sources */ = {isa = PBXBuildFile; fileRef = E3A855FA2268216E002A05C2 /* ListTagsModels.swift */; };
		E3A856012268216F002A05C2 /* ListTagsViewController.swift in Sources */ = {isa = PBXBuildFile; fileRef = E3A855FB2268216E002A05C2 /* ListTagsViewController.swift */; };
		E3A856022268216F002A05C2 /* ListTagsInteractor.swift in Sources */ = {isa = PBXBuildFile; fileRef = E3A855FC2268216E002A05C2 /* ListTagsInteractor.swift */; };
		E3B5DD22225DA0DE00ECDB4D /* CellDataProtocol.swift in Sources */ = {isa = PBXBuildFile; fileRef = E3B5DD21225DA0DE00ECDB4D /* CellDataProtocol.swift */; };
		E3C1EF7422643DDB0035B9BA /* DatePresenter.swift in Sources */ = {isa = PBXBuildFile; fileRef = E3C1EF7322643DDB0035B9BA /* DatePresenter.swift */; };
		E3C1EF76226449F70035B9BA /* RealmSetting.swift in Sources */ = {isa = PBXBuildFile; fileRef = E3C1EF75226449F70035B9BA /* RealmSetting.swift */; };
		E3D288722262640300DB2D30 /* FileWorker.swift in Sources */ = {isa = PBXBuildFile; fileRef = E3D288712262640300DB2D30 /* FileWorker.swift */; };
		E3DA41D9225C44FB0044D547 /* File.swift in Sources */ = {isa = PBXBuildFile; fileRef = E3DA41D8225C44FB0044D547 /* File.swift */; };
		E3DA41DB225C45090044D547 /* Page.swift in Sources */ = {isa = PBXBuildFile; fileRef = E3DA41DA225C45090044D547 /* Page.swift */; };
		E3DA41DD225C45680044D547 /* Tag.swift in Sources */ = {isa = PBXBuildFile; fileRef = E3DA41DC225C45680044D547 /* Tag.swift */; };
		E3DA41DF225C462F0044D547 /* StoreProtocol.swift in Sources */ = {isa = PBXBuildFile; fileRef = E3DA41DE225C462F0044D547 /* StoreProtocol.swift */; };
		E3F9033D22690FBB0048D7AB /* LeftAlignCollectionLayout.swift in Sources */ = {isa = PBXBuildFile; fileRef = E3F9033C22690FBB0048D7AB /* LeftAlignCollectionLayout.swift */; };
		E3F90343226912570048D7AB /* ShowTagsCollectionViewCell.swift in Sources */ = {isa = PBXBuildFile; fileRef = E3F90341226912570048D7AB /* ShowTagsCollectionViewCell.swift */; };
		E3F90344226912570048D7AB /* ShowTagsCollectionViewCell.xib in Resources */ = {isa = PBXBuildFile; fileRef = E3F90342226912570048D7AB /* ShowTagsCollectionViewCell.xib */; };
		E3FE00242268359200627EAD /* TagTableViewCell.swift in Sources */ = {isa = PBXBuildFile; fileRef = E3FE00222268359200627EAD /* TagTableViewCell.swift */; };
		E3FE00252268359200627EAD /* TagTableViewCell.xib in Resources */ = {isa = PBXBuildFile; fileRef = E3FE00232268359200627EAD /* TagTableViewCell.xib */; };
/* End PBXBuildFile section */

/* Begin PBXFileReference section */
		00474EBD94D2D5B8F1A6E98E /* Pods-Scanner.release.xcconfig */ = {isa = PBXFileReference; includeInIndex = 1; lastKnownFileType = text.xcconfig; name = "Pods-Scanner.release.xcconfig"; path = "Pods/Target Support Files/Pods-Scanner/Pods-Scanner.release.xcconfig"; sourceTree = "<group>"; };
		69811B6644EDBE45C31AC231 /* Pods_Scanner.framework */ = {isa = PBXFileReference; explicitFileType = wrapper.framework; includeInIndex = 0; path = Pods_Scanner.framework; sourceTree = BUILT_PRODUCTS_DIR; };
		795DC54656ECF6B384640891 /* Pods-Scanner.debug.xcconfig */ = {isa = PBXFileReference; includeInIndex = 1; lastKnownFileType = text.xcconfig; name = "Pods-Scanner.debug.xcconfig"; path = "Pods/Target Support Files/Pods-Scanner/Pods-Scanner.debug.xcconfig"; sourceTree = "<group>"; };
		E30E61A2227A18D800F8DF86 /* AddTagPresenter.swift */ = {isa = PBXFileReference; lastKnownFileType = sourcecode.swift; path = AddTagPresenter.swift; sourceTree = "<group>"; };
		E30E61A3227A18D800F8DF86 /* AddTagWorker.swift */ = {isa = PBXFileReference; lastKnownFileType = sourcecode.swift; path = AddTagWorker.swift; sourceTree = "<group>"; };
		E30E61A4227A18D800F8DF86 /* AddTagRouter.swift */ = {isa = PBXFileReference; lastKnownFileType = sourcecode.swift; path = AddTagRouter.swift; sourceTree = "<group>"; };
		E30E61A5227A18D800F8DF86 /* AddTagModels.swift */ = {isa = PBXFileReference; lastKnownFileType = sourcecode.swift; path = AddTagModels.swift; sourceTree = "<group>"; };
		E30E61A6227A18D800F8DF86 /* AddTagViewController.swift */ = {isa = PBXFileReference; lastKnownFileType = sourcecode.swift; path = AddTagViewController.swift; sourceTree = "<group>"; };
		E30E61A7227A18D800F8DF86 /* AddTagInteractor.swift */ = {isa = PBXFileReference; lastKnownFileType = sourcecode.swift; path = AddTagInteractor.swift; sourceTree = "<group>"; };
		E30E61AE227A23CA00F8DF86 /* SettingsPresenter.swift */ = {isa = PBXFileReference; lastKnownFileType = sourcecode.swift; path = SettingsPresenter.swift; sourceTree = "<group>"; };
		E30E61AF227A23CA00F8DF86 /* SettingsWorker.swift */ = {isa = PBXFileReference; lastKnownFileType = sourcecode.swift; path = SettingsWorker.swift; sourceTree = "<group>"; };
		E30E61B0227A23CA00F8DF86 /* SettingsRouter.swift */ = {isa = PBXFileReference; lastKnownFileType = sourcecode.swift; path = SettingsRouter.swift; sourceTree = "<group>"; };
		E30E61B1227A23CA00F8DF86 /* SettingsModels.swift */ = {isa = PBXFileReference; lastKnownFileType = sourcecode.swift; path = SettingsModels.swift; sourceTree = "<group>"; };
		E30E61B2227A23CA00F8DF86 /* SettingsViewController.swift */ = {isa = PBXFileReference; lastKnownFileType = sourcecode.swift; path = SettingsViewController.swift; sourceTree = "<group>"; };
		E30E61B3227A23CA00F8DF86 /* SettingsInteractor.swift */ = {isa = PBXFileReference; lastKnownFileType = sourcecode.swift; path = SettingsInteractor.swift; sourceTree = "<group>"; };
		E31C1BDA225BFD8D00A124BE /* Scanner.app */ = {isa = PBXFileReference; explicitFileType = wrapper.application; includeInIndex = 0; path = Scanner.app; sourceTree = BUILT_PRODUCTS_DIR; };
		E31C1BDD225BFD8D00A124BE /* AppDelegate.swift */ = {isa = PBXFileReference; lastKnownFileType = sourcecode.swift; path = AppDelegate.swift; sourceTree = "<group>"; };
		E31C1BDF225BFD8D00A124BE /* InitialViewController.swift */ = {isa = PBXFileReference; lastKnownFileType = sourcecode.swift; path = InitialViewController.swift; sourceTree = "<group>"; };
		E31C1BE2225BFD8D00A124BE /* Base */ = {isa = PBXFileReference; lastKnownFileType = file.storyboard; name = Base; path = Base.lproj/Main.storyboard; sourceTree = "<group>"; };
		E31C1BE4225BFD8E00A124BE /* Assets.xcassets */ = {isa = PBXFileReference; lastKnownFileType = folder.assetcatalog; path = Assets.xcassets; sourceTree = "<group>"; };
		E31C1BE7225BFD8E00A124BE /* Base */ = {isa = PBXFileReference; lastKnownFileType = file.storyboard; name = Base; path = Base.lproj/LaunchScreen.storyboard; sourceTree = "<group>"; };
		E31C1BE9225BFD8E00A124BE /* Info.plist */ = {isa = PBXFileReference; lastKnownFileType = text.plist.xml; path = Info.plist; sourceTree = "<group>"; };
		E31C1BF3225BFE0C00A124BE /* ListFilesPresenter.swift */ = {isa = PBXFileReference; lastKnownFileType = sourcecode.swift; path = ListFilesPresenter.swift; sourceTree = "<group>"; };
		E31C1BF4225BFE0C00A124BE /* ListFilesWorker.swift */ = {isa = PBXFileReference; lastKnownFileType = sourcecode.swift; path = ListFilesWorker.swift; sourceTree = "<group>"; };
		E31C1BF5225BFE0C00A124BE /* ListFilesRouter.swift */ = {isa = PBXFileReference; lastKnownFileType = sourcecode.swift; path = ListFilesRouter.swift; sourceTree = "<group>"; };
		E31C1BF6225BFE0C00A124BE /* ListFilesModels.swift */ = {isa = PBXFileReference; lastKnownFileType = sourcecode.swift; path = ListFilesModels.swift; sourceTree = "<group>"; };
		E31C1BF7225BFE0C00A124BE /* ListFilesViewController.swift */ = {isa = PBXFileReference; lastKnownFileType = sourcecode.swift; path = ListFilesViewController.swift; sourceTree = "<group>"; };
		E31C1BF8225BFE0C00A124BE /* ListFilesInteractor.swift */ = {isa = PBXFileReference; lastKnownFileType = sourcecode.swift; path = ListFilesInteractor.swift; sourceTree = "<group>"; };
		E31C1C08225C444600A124BE /* Form.swift */ = {isa = PBXFileReference; lastKnownFileType = sourcecode.swift; path = Form.swift; sourceTree = "<group>"; };
		E345F5CB225FADDF00585793 /* ShowFilePresenter.swift */ = {isa = PBXFileReference; lastKnownFileType = sourcecode.swift; path = ShowFilePresenter.swift; sourceTree = "<group>"; };
		E345F5CC225FADDF00585793 /* ShowFileWorker.swift */ = {isa = PBXFileReference; lastKnownFileType = sourcecode.swift; path = ShowFileWorker.swift; sourceTree = "<group>"; };
		E345F5CD225FADDF00585793 /* ShowFileRouter.swift */ = {isa = PBXFileReference; lastKnownFileType = sourcecode.swift; path = ShowFileRouter.swift; sourceTree = "<group>"; };
		E345F5CE225FADDF00585793 /* ShowFileModels.swift */ = {isa = PBXFileReference; lastKnownFileType = sourcecode.swift; path = ShowFileModels.swift; sourceTree = "<group>"; };
		E345F5CF225FADDF00585793 /* ShowFileViewController.swift */ = {isa = PBXFileReference; lastKnownFileType = sourcecode.swift; path = ShowFileViewController.swift; sourceTree = "<group>"; };
		E345F5D0225FADDF00585793 /* ShowFileInteractor.swift */ = {isa = PBXFileReference; lastKnownFileType = sourcecode.swift; path = ShowFileInteractor.swift; sourceTree = "<group>"; };
		E345F5D8225FB91E00585793 /* PageImageCollectionViewCell.swift */ = {isa = PBXFileReference; lastKnownFileType = sourcecode.swift; path = PageImageCollectionViewCell.swift; sourceTree = "<group>"; };
		E345F5D9225FB91E00585793 /* PageImageCollectionViewCell.xib */ = {isa = PBXFileReference; lastKnownFileType = file.xib; path = PageImageCollectionViewCell.xib; sourceTree = "<group>"; };
		E345F5DC225FE48700585793 /* NewPageCollectionViewCell.swift */ = {isa = PBXFileReference; lastKnownFileType = sourcecode.swift; path = NewPageCollectionViewCell.swift; sourceTree = "<group>"; };
		E345F5DD225FE48700585793 /* NewPageCollectionViewCell.xib */ = {isa = PBXFileReference; lastKnownFileType = file.xib; path = NewPageCollectionViewCell.xib; sourceTree = "<group>"; };
		E34EA886225E757B00CCDE7A /* TagCollectionSource.swift */ = {isa = PBXFileReference; lastKnownFileType = sourcecode.swift; path = TagCollectionSource.swift; sourceTree = "<group>"; };
		E356C3AF2266E8BA00616BEA /* AddFormTableViewCell.swift */ = {isa = PBXFileReference; lastKnownFileType = sourcecode.swift; path = AddFormTableViewCell.swift; sourceTree = "<group>"; };
		E356C3B02266E8BA00616BEA /* AddFormTableViewCell.xib */ = {isa = PBXFileReference; lastKnownFileType = file.xib; path = AddFormTableViewCell.xib; sourceTree = "<group>"; };
		E39840732277A7FF00AF66AC /* RealmLocation.swift */ = {isa = PBXFileReference; lastKnownFileType = sourcecode.swift; path = RealmLocation.swift; sourceTree = "<group>"; };
		E3984075227815C300AF66AC /* LocationService.swift */ = {isa = PBXFileReference; lastKnownFileType = sourcecode.swift; path = LocationService.swift; sourceTree = "<group>"; };
		E3984078227816F900AF66AC /* LocationRecord.swift */ = {isa = PBXFileReference; lastKnownFileType = sourcecode.swift; path = LocationRecord.swift; sourceTree = "<group>"; };
		E398407A2278DA3900AF66AC /* ShowFileVCMapDelegate.swift */ = {isa = PBXFileReference; lastKnownFileType = sourcecode.swift; path = ShowFileVCMapDelegate.swift; sourceTree = "<group>"; };
		E398407D2278DB6500AF66AC /* LocationAnnotationView.swift */ = {isa = PBXFileReference; lastKnownFileType = sourcecode.swift; path = LocationAnnotationView.swift; sourceTree = "<group>"; };
		E398407F2278DB7400AF66AC /* LocationAnnotationView.xib */ = {isa = PBXFileReference; lastKnownFileType = file.xib; path = LocationAnnotationView.xib; sourceTree = "<group>"; };
		E39FF302225D176800219FE7 /* UIViewExtension.swift */ = {isa = PBXFileReference; fileEncoding = 4; lastKnownFileType = sourcecode.swift; path = UIViewExtension.swift; sourceTree = "<group>"; };
		E39FF303225D176800219FE7 /* UITextFieldExtension.swift */ = {isa = PBXFileReference; fileEncoding = 4; lastKnownFileType = sourcecode.swift; path = UITextFieldExtension.swift; sourceTree = "<group>"; };
		E39FF309225D19A900219FE7 /* MainTagCollectionViewCell.swift */ = {isa = PBXFileReference; lastKnownFileType = sourcecode.swift; path = MainTagCollectionViewCell.swift; sourceTree = "<group>"; };
		E39FF30A225D19A900219FE7 /* MainTagCollectionViewCell.xib */ = {isa = PBXFileReference; lastKnownFileType = file.xib; path = MainTagCollectionViewCell.xib; sourceTree = "<group>"; };
		E39FF30D225D19B400219FE7 /* FolderCollectionViewCell.swift */ = {isa = PBXFileReference; lastKnownFileType = sourcecode.swift; path = FolderCollectionViewCell.swift; sourceTree = "<group>"; };
		E39FF30E225D19B400219FE7 /* FolderCollectionViewCell.xib */ = {isa = PBXFileReference; lastKnownFileType = file.xib; path = FolderCollectionViewCell.xib; sourceTree = "<group>"; };
		E39FF311225D19CA00219FE7 /* TagCollectionTableViewCell.swift */ = {isa = PBXFileReference; lastKnownFileType = sourcecode.swift; path = TagCollectionTableViewCell.swift; sourceTree = "<group>"; };
		E39FF312225D19CA00219FE7 /* TagCollectionTableViewCell.xib */ = {isa = PBXFileReference; lastKnownFileType = file.xib; path = TagCollectionTableViewCell.xib; sourceTree = "<group>"; };
		E39FF315225D19DB00219FE7 /* FolderCollectionTableViewCell.swift */ = {isa = PBXFileReference; lastKnownFileType = sourcecode.swift; path = FolderCollectionTableViewCell.swift; sourceTree = "<group>"; };
		E39FF316225D19DB00219FE7 /* FolderCollectionTableViewCell.xib */ = {isa = PBXFileReference; lastKnownFileType = file.xib; path = FolderCollectionTableViewCell.xib; sourceTree = "<group>"; };
		E39FF319225D19E500219FE7 /* FileTableViewCell.swift */ = {isa = PBXFileReference; lastKnownFileType = sourcecode.swift; path = FileTableViewCell.swift; sourceTree = "<group>"; };
		E39FF31A225D19E500219FE7 /* FileTableViewCell.xib */ = {isa = PBXFileReference; lastKnownFileType = file.xib; path = FileTableViewCell.xib; sourceTree = "<group>"; };
		E39FF31F225D1C0900219FE7 /* FilterConditionsTableViewCell.swift */ = {isa = PBXFileReference; lastKnownFileType = sourcecode.swift; path = FilterConditionsTableViewCell.swift; sourceTree = "<group>"; };
		E39FF320225D1C0900219FE7 /* FilterConditionsTableViewCell.xib */ = {isa = PBXFileReference; lastKnownFileType = file.xib; path = FilterConditionsTableViewCell.xib; sourceTree = "<group>"; };
		E39FF323225D258F00219FE7 /* FormTableViewCell.swift */ = {isa = PBXFileReference; lastKnownFileType = sourcecode.swift; path = FormTableViewCell.swift; sourceTree = "<group>"; };
		E39FF324225D258F00219FE7 /* FormTableViewCell.xib */ = {isa = PBXFileReference; lastKnownFileType = file.xib; path = FormTableViewCell.xib; sourceTree = "<group>"; };
		E39FF327225D267400219FE7 /* TagManager.swift */ = {isa = PBXFileReference; lastKnownFileType = sourcecode.swift; path = TagManager.swift; sourceTree = "<group>"; };
		E39FF329225D40AB00219FE7 /* RealmPage.swift */ = {isa = PBXFileReference; lastKnownFileType = sourcecode.swift; path = RealmPage.swift; sourceTree = "<group>"; };
		E39FF32B225D40B500219FE7 /* RealmFile.swift */ = {isa = PBXFileReference; lastKnownFileType = sourcecode.swift; path = RealmFile.swift; sourceTree = "<group>"; };
		E39FF32D225D40BA00219FE7 /* RealmTag.swift */ = {isa = PBXFileReference; lastKnownFileType = sourcecode.swift; path = RealmTag.swift; sourceTree = "<group>"; };
		E39FF32F225D40C100219FE7 /* RealmNameTemplate.swift */ = {isa = PBXFileReference; lastKnownFileType = sourcecode.swift; path = RealmNameTemplate.swift; sourceTree = "<group>"; };
		E39FF331225D655F00219FE7 /* FilePageManager.swift */ = {isa = PBXFileReference; lastKnownFileType = sourcecode.swift; path = FilePageManager.swift; sourceTree = "<group>"; };
		E39FF333225D86C500219FE7 /* TestGenerator.swift */ = {isa = PBXFileReference; lastKnownFileType = sourcecode.swift; path = TestGenerator.swift; sourceTree = "<group>"; };
		E3A855F72268216E002A05C2 /* ListTagsPresenter.swift */ = {isa = PBXFileReference; lastKnownFileType = sourcecode.swift; path = ListTagsPresenter.swift; sourceTree = "<group>"; };
		E3A855F82268216E002A05C2 /* ListTagsWorker.swift */ = {isa = PBXFileReference; lastKnownFileType = sourcecode.swift; path = ListTagsWorker.swift; sourceTree = "<group>"; };
		E3A855F92268216E002A05C2 /* ListTagsRouter.swift */ = {isa = PBXFileReference; lastKnownFileType = sourcecode.swift; path = ListTagsRouter.swift; sourceTree = "<group>"; };
		E3A855FA2268216E002A05C2 /* ListTagsModels.swift */ = {isa = PBXFileReference; lastKnownFileType = sourcecode.swift; path = ListTagsModels.swift; sourceTree = "<group>"; };
		E3A855FB2268216E002A05C2 /* ListTagsViewController.swift */ = {isa = PBXFileReference; lastKnownFileType = sourcecode.swift; path = ListTagsViewController.swift; sourceTree = "<group>"; };
		E3A855FC2268216E002A05C2 /* ListTagsInteractor.swift */ = {isa = PBXFileReference; lastKnownFileType = sourcecode.swift; path = ListTagsInteractor.swift; sourceTree = "<group>"; };
		E3B5DD21225DA0DE00ECDB4D /* CellDataProtocol.swift */ = {isa = PBXFileReference; lastKnownFileType = sourcecode.swift; path = CellDataProtocol.swift; sourceTree = "<group>"; };
		E3C1EF7322643DDB0035B9BA /* DatePresenter.swift */ = {isa = PBXFileReference; lastKnownFileType = sourcecode.swift; path = DatePresenter.swift; sourceTree = "<group>"; };
		E3C1EF75226449F70035B9BA /* RealmSetting.swift */ = {isa = PBXFileReference; lastKnownFileType = sourcecode.swift; path = RealmSetting.swift; sourceTree = "<group>"; };
		E3D288712262640300DB2D30 /* FileWorker.swift */ = {isa = PBXFileReference; lastKnownFileType = sourcecode.swift; path = FileWorker.swift; sourceTree = "<group>"; };
		E3DA41D8225C44FB0044D547 /* File.swift */ = {isa = PBXFileReference; lastKnownFileType = sourcecode.swift; path = File.swift; sourceTree = "<group>"; };
		E3DA41DA225C45090044D547 /* Page.swift */ = {isa = PBXFileReference; lastKnownFileType = sourcecode.swift; path = Page.swift; sourceTree = "<group>"; };
		E3DA41DC225C45680044D547 /* Tag.swift */ = {isa = PBXFileReference; lastKnownFileType = sourcecode.swift; path = Tag.swift; sourceTree = "<group>"; };
		E3DA41DE225C462F0044D547 /* StoreProtocol.swift */ = {isa = PBXFileReference; lastKnownFileType = sourcecode.swift; path = StoreProtocol.swift; sourceTree = "<group>"; };
		E3F9033C22690FBB0048D7AB /* LeftAlignCollectionLayout.swift */ = {isa = PBXFileReference; lastKnownFileType = sourcecode.swift; path = LeftAlignCollectionLayout.swift; sourceTree = "<group>"; };
		E3F90341226912570048D7AB /* ShowTagsCollectionViewCell.swift */ = {isa = PBXFileReference; lastKnownFileType = sourcecode.swift; path = ShowTagsCollectionViewCell.swift; sourceTree = "<group>"; };
		E3F90342226912570048D7AB /* ShowTagsCollectionViewCell.xib */ = {isa = PBXFileReference; lastKnownFileType = file.xib; path = ShowTagsCollectionViewCell.xib; sourceTree = "<group>"; };
		E3FE00222268359200627EAD /* TagTableViewCell.swift */ = {isa = PBXFileReference; lastKnownFileType = sourcecode.swift; path = TagTableViewCell.swift; sourceTree = "<group>"; };
		E3FE00232268359200627EAD /* TagTableViewCell.xib */ = {isa = PBXFileReference; lastKnownFileType = file.xib; path = TagTableViewCell.xib; sourceTree = "<group>"; };
/* End PBXFileReference section */

/* Begin PBXFrameworksBuildPhase section */
		E31C1BD7225BFD8D00A124BE /* Frameworks */ = {
			isa = PBXFrameworksBuildPhase;
			buildActionMask = 2147483647;
			files = (
				8C726B7DFD206B786EA2C591 /* Pods_Scanner.framework in Frameworks */,
			);
			runOnlyForDeploymentPostprocessing = 0;
		};
/* End PBXFrameworksBuildPhase section */

/* Begin PBXGroup section */
		4D0B205D0ECDC4912E974B3C /* Pods */ = {
			isa = PBXGroup;
			children = (
				795DC54656ECF6B384640891 /* Pods-Scanner.debug.xcconfig */,
				00474EBD94D2D5B8F1A6E98E /* Pods-Scanner.release.xcconfig */,
			);
			name = Pods;
			sourceTree = "<group>";
		};
		E30E61A1227A18AE00F8DF86 /* AddTag */ = {
			isa = PBXGroup;
			children = (
				E30E61A6227A18D800F8DF86 /* AddTagViewController.swift */,
				E30E61A7227A18D800F8DF86 /* AddTagInteractor.swift */,
				E30E61A2227A18D800F8DF86 /* AddTagPresenter.swift */,
				E30E61A3227A18D800F8DF86 /* AddTagWorker.swift */,
				E30E61A4227A18D800F8DF86 /* AddTagRouter.swift */,
				E30E61A5227A18D800F8DF86 /* AddTagModels.swift */,
			);
			path = AddTag;
			sourceTree = "<group>";
		};
		E31C1BD1225BFD8D00A124BE = {
			isa = PBXGroup;
			children = (
				E31C1BDC225BFD8D00A124BE /* Scanner */,
				E31C1BDB225BFD8D00A124BE /* Products */,
				4D0B205D0ECDC4912E974B3C /* Pods */,
				F1A377356AD59C4E6700B929 /* Frameworks */,
			);
			sourceTree = "<group>";
		};
		E31C1BDB225BFD8D00A124BE /* Products */ = {
			isa = PBXGroup;
			children = (
				E31C1BDA225BFD8D00A124BE /* Scanner.app */,
			);
			name = Products;
			sourceTree = "<group>";
		};
		E31C1BDC225BFD8D00A124BE /* Scanner */ = {
			isa = PBXGroup;
			children = (
				E31C1BDD225BFD8D00A124BE /* AppDelegate.swift */,
				E31C1BDF225BFD8D00A124BE /* InitialViewController.swift */,
				E39FF306225D176C00219FE7 /* Utilities */,
				E31C1BE1225BFD8D00A124BE /* Main.storyboard */,
				E31C1BE4225BFD8E00A124BE /* Assets.xcassets */,
				E31C1BE6225BFD8E00A124BE /* LaunchScreen.storyboard */,
				E31C1BE9225BFD8E00A124BE /* Info.plist */,
				E31C1BF0225BFD9E00A124BE /* Models */,
				E31C1BEF225BFD9A00A124BE /* Services */,
				E31C1BF2225BFDA100A124BE /* Workers */,
				E31C1BF1225BFD9F00A124BE /* Scenes */,
			);
			path = Scanner;
			sourceTree = "<group>";
		};
		E31C1BEF225BFD9A00A124BE /* Services */ = {
			isa = PBXGroup;
			children = (
				E39FF333225D86C500219FE7 /* TestGenerator.swift */,
				E3DA41DE225C462F0044D547 /* StoreProtocol.swift */,
				E39FF327225D267400219FE7 /* TagManager.swift */,
				E39FF331225D655F00219FE7 /* FilePageManager.swift */,
				E3984075227815C300AF66AC /* LocationService.swift */,
			);
			path = Services;
			sourceTree = "<group>";
		};
		E31C1BF0225BFD9E00A124BE /* Models */ = {
			isa = PBXGroup;
			children = (
				E31C1C06225C0FA300A124BE /* FormModels */,
				E31C1C05225C0F9A00A124BE /* RealmModels */,
				E3DA41D8225C44FB0044D547 /* File.swift */,
				E3DA41DA225C45090044D547 /* Page.swift */,
				E3DA41DC225C45680044D547 /* Tag.swift */,
				E3984078227816F900AF66AC /* LocationRecord.swift */,
			);
			path = Models;
			sourceTree = "<group>";
		};
		E31C1BF1225BFD9F00A124BE /* Scenes */ = {
			isa = PBXGroup;
			children = (
				E30E61A1227A18AE00F8DF86 /* AddTag */,
				E31C1C07225C0FC800A124BE /* ListTags */,
				E31C1C04225C0E9200A124BE /* ShowForm */,
				E31C1C03225C0E8D00A124BE /* ListForms */,
				E31C1C02225C0C9D00A124BE /* Search */,
				E31C1C01225C0C8300A124BE /* Settings */,
				E31C1C00225BFE5C00A124BE /* ShowFile */,
				E31C1BFF225BFE1000A124BE /* ListFiles */,
			);
			path = Scenes;
			sourceTree = "<group>";
		};
		E31C1BF2225BFDA100A124BE /* Workers */ = {
			isa = PBXGroup;
			children = (
				E3D288712262640300DB2D30 /* FileWorker.swift */,
			);
			path = Workers;
			sourceTree = "<group>";
		};
		E31C1BFF225BFE1000A124BE /* ListFiles */ = {
			isa = PBXGroup;
			children = (
				E34EA886225E757B00CCDE7A /* TagCollectionSource.swift */,
				E39FF307225D197700219FE7 /* TableViewCells */,
				E31C1BF7225BFE0C00A124BE /* ListFilesViewController.swift */,
				E31C1BF8225BFE0C00A124BE /* ListFilesInteractor.swift */,
				E31C1BF3225BFE0C00A124BE /* ListFilesPresenter.swift */,
				E31C1BF4225BFE0C00A124BE /* ListFilesWorker.swift */,
				E31C1BF5225BFE0C00A124BE /* ListFilesRouter.swift */,
				E31C1BF6225BFE0C00A124BE /* ListFilesModels.swift */,
			);
			path = ListFiles;
			sourceTree = "<group>";
		};
		E31C1C00225BFE5C00A124BE /* ShowFile */ = {
			isa = PBXGroup;
			children = (
				E398407C2278DAED00AF66AC /* MKAnnotations */,
				E356C3AE2266E61400616BEA /* TableViewCells */,
				E345F5D7225FB8F000585793 /* CollectionViewCells */,
				E398407A2278DA3900AF66AC /* ShowFileVCMapDelegate.swift */,
				E345F5CF225FADDF00585793 /* ShowFileViewController.swift */,
				E345F5D0225FADDF00585793 /* ShowFileInteractor.swift */,
				E345F5CB225FADDF00585793 /* ShowFilePresenter.swift */,
				E345F5CC225FADDF00585793 /* ShowFileWorker.swift */,
				E345F5CD225FADDF00585793 /* ShowFileRouter.swift */,
				E345F5CE225FADDF00585793 /* ShowFileModels.swift */,
			);
			path = ShowFile;
			sourceTree = "<group>";
		};
		E31C1C01225C0C8300A124BE /* Settings */ = {
			isa = PBXGroup;
			children = (
				E30E61B2227A23CA00F8DF86 /* SettingsViewController.swift */,
				E30E61B3227A23CA00F8DF86 /* SettingsInteractor.swift */,
				E30E61AE227A23CA00F8DF86 /* SettingsPresenter.swift */,
				E30E61AF227A23CA00F8DF86 /* SettingsWorker.swift */,
				E30E61B0227A23CA00F8DF86 /* SettingsRouter.swift */,
				E30E61B1227A23CA00F8DF86 /* SettingsModels.swift */,
			);
			path = Settings;
			sourceTree = "<group>";
		};
		E31C1C02225C0C9D00A124BE /* Search */ = {
			isa = PBXGroup;
			children = (
			);
			path = Search;
			sourceTree = "<group>";
		};
		E31C1C03225C0E8D00A124BE /* ListForms */ = {
			isa = PBXGroup;
			children = (
			);
			path = ListForms;
			sourceTree = "<group>";
		};
		E31C1C04225C0E9200A124BE /* ShowForm */ = {
			isa = PBXGroup;
			children = (
			);
			path = ShowForm;
			sourceTree = "<group>";
		};
		E31C1C05225C0F9A00A124BE /* RealmModels */ = {
			isa = PBXGroup;
			children = (
				E39FF329225D40AB00219FE7 /* RealmPage.swift */,
				E39FF32B225D40B500219FE7 /* RealmFile.swift */,
				E39FF32D225D40BA00219FE7 /* RealmTag.swift */,
				E39FF32F225D40C100219FE7 /* RealmNameTemplate.swift */,
				E3C1EF75226449F70035B9BA /* RealmSetting.swift */,
				E39840732277A7FF00AF66AC /* RealmLocation.swift */,
			);
			path = RealmModels;
			sourceTree = "<group>";
		};
		E31C1C06225C0FA300A124BE /* FormModels */ = {
			isa = PBXGroup;
			children = (
				E31C1C08225C444600A124BE /* Form.swift */,
			);
			path = FormModels;
			sourceTree = "<group>";
		};
		E31C1C07225C0FC800A124BE /* ListTags */ = {
			isa = PBXGroup;
			children = (
				E3FE00212268358300627EAD /* TableviewCells */,
				E3A855FB2268216E002A05C2 /* ListTagsViewController.swift */,
				E3A855FC2268216E002A05C2 /* ListTagsInteractor.swift */,
				E3A855F72268216E002A05C2 /* ListTagsPresenter.swift */,
				E3A855F82268216E002A05C2 /* ListTagsWorker.swift */,
				E3A855F92268216E002A05C2 /* ListTagsRouter.swift */,
				E3A855FA2268216E002A05C2 /* ListTagsModels.swift */,
			);
			path = ListTags;
			sourceTree = "<group>";
		};
		E345F5D7225FB8F000585793 /* CollectionViewCells */ = {
			isa = PBXGroup;
			children = (
				E3F90341226912570048D7AB /* ShowTagsCollectionViewCell.swift */,
				E3F90342226912570048D7AB /* ShowTagsCollectionViewCell.xib */,
				E345F5D8225FB91E00585793 /* PageImageCollectionViewCell.swift */,
				E345F5D9225FB91E00585793 /* PageImageCollectionViewCell.xib */,
				E345F5DC225FE48700585793 /* NewPageCollectionViewCell.swift */,
				E345F5DD225FE48700585793 /* NewPageCollectionViewCell.xib */,
			);
			path = CollectionViewCells;
			sourceTree = "<group>";
		};
		E356C3AE2266E61400616BEA /* TableViewCells */ = {
			isa = PBXGroup;
			children = (
				E356C3AF2266E8BA00616BEA /* AddFormTableViewCell.swift */,
				E356C3B02266E8BA00616BEA /* AddFormTableViewCell.xib */,
			);
			path = TableViewCells;
			sourceTree = "<group>";
		};
		E398407C2278DAED00AF66AC /* MKAnnotations */ = {
			isa = PBXGroup;
			children = (
				E398407D2278DB6500AF66AC /* LocationAnnotationView.swift */,
				E398407F2278DB7400AF66AC /* LocationAnnotationView.xib */,
			);
			path = MKAnnotations;
			sourceTree = "<group>";
		};
		E39FF306225D176C00219FE7 /* Utilities */ = {
			isa = PBXGroup;
			children = (
				E39FF302225D176800219FE7 /* UIViewExtension.swift */,
				E39FF303225D176800219FE7 /* UITextFieldExtension.swift */,
				E3B5DD21225DA0DE00ECDB4D /* CellDataProtocol.swift */,
				E3C1EF7322643DDB0035B9BA /* DatePresenter.swift */,
				E3F9033C22690FBB0048D7AB /* LeftAlignCollectionLayout.swift */,
			);
			path = Utilities;
			sourceTree = "<group>";
		};
		E39FF307225D197700219FE7 /* TableViewCells */ = {
			isa = PBXGroup;
			children = (
				E39FF31F225D1C0900219FE7 /* FilterConditionsTableViewCell.swift */,
				E39FF320225D1C0900219FE7 /* FilterConditionsTableViewCell.xib */,
				E39FF311225D19CA00219FE7 /* TagCollectionTableViewCell.swift */,
				E39FF312225D19CA00219FE7 /* TagCollectionTableViewCell.xib */,
				E39FF315225D19DB00219FE7 /* FolderCollectionTableViewCell.swift */,
				E39FF316225D19DB00219FE7 /* FolderCollectionTableViewCell.xib */,
				E39FF319225D19E500219FE7 /* FileTableViewCell.swift */,
				E39FF31A225D19E500219FE7 /* FileTableViewCell.xib */,
				E39FF323225D258F00219FE7 /* FormTableViewCell.swift */,
				E39FF324225D258F00219FE7 /* FormTableViewCell.xib */,
				E39FF308225D197C00219FE7 /* CollectionViewCells */,
			);
			path = TableViewCells;
			sourceTree = "<group>";
		};
		E39FF308225D197C00219FE7 /* CollectionViewCells */ = {
			isa = PBXGroup;
			children = (
				E39FF309225D19A900219FE7 /* MainTagCollectionViewCell.swift */,
				E39FF30A225D19A900219FE7 /* MainTagCollectionViewCell.xib */,
				E39FF30D225D19B400219FE7 /* FolderCollectionViewCell.swift */,
				E39FF30E225D19B400219FE7 /* FolderCollectionViewCell.xib */,
			);
			path = CollectionViewCells;
			sourceTree = "<group>";
		};
		E3FE00212268358300627EAD /* TableviewCells */ = {
			isa = PBXGroup;
			children = (
				E3FE00222268359200627EAD /* TagTableViewCell.swift */,
				E3FE00232268359200627EAD /* TagTableViewCell.xib */,
			);
			path = TableviewCells;
			sourceTree = "<group>";
		};
		F1A377356AD59C4E6700B929 /* Frameworks */ = {
			isa = PBXGroup;
			children = (
				69811B6644EDBE45C31AC231 /* Pods_Scanner.framework */,
			);
			name = Frameworks;
			sourceTree = "<group>";
		};
/* End PBXGroup section */

/* Begin PBXNativeTarget section */
		E31C1BD9225BFD8D00A124BE /* Scanner */ = {
			isa = PBXNativeTarget;
			buildConfigurationList = E31C1BEC225BFD8E00A124BE /* Build configuration list for PBXNativeTarget "Scanner" */;
			buildPhases = (
				B07CB0923E5C0EF73496FF25 /* [CP] Check Pods Manifest.lock */,
				E31C1BD6225BFD8D00A124BE /* Sources */,
				E31C1BD7225BFD8D00A124BE /* Frameworks */,
				E31C1BD8225BFD8D00A124BE /* Resources */,
				50833541CA4359ACAD04297B /* [CP] Embed Pods Frameworks */,
			);
			buildRules = (
			);
			dependencies = (
			);
			name = Scanner;
			productName = Scanner;
			productReference = E31C1BDA225BFD8D00A124BE /* Scanner.app */;
			productType = "com.apple.product-type.application";
		};
/* End PBXNativeTarget section */

/* Begin PBXProject section */
		E31C1BD2225BFD8D00A124BE /* Project object */ = {
			isa = PBXProject;
			attributes = {
				LastSwiftUpdateCheck = 1010;
				LastUpgradeCheck = 1010;
				ORGANIZATIONNAME = zzzz;
				TargetAttributes = {
					E31C1BD9225BFD8D00A124BE = {
						CreatedOnToolsVersion = 10.1;
					};
				};
			};
			buildConfigurationList = E31C1BD5225BFD8D00A124BE /* Build configuration list for PBXProject "Scanner" */;
			compatibilityVersion = "Xcode 9.3";
			developmentRegion = en;
			hasScannedForEncodings = 0;
			knownRegions = (
				en,
				Base,
			);
			mainGroup = E31C1BD1225BFD8D00A124BE;
			productRefGroup = E31C1BDB225BFD8D00A124BE /* Products */;
			projectDirPath = "";
			projectRoot = "";
			targets = (
				E31C1BD9225BFD8D00A124BE /* Scanner */,
			);
		};
/* End PBXProject section */

/* Begin PBXResourcesBuildPhase section */
		E31C1BD8225BFD8D00A124BE /* Resources */ = {
			isa = PBXResourcesBuildPhase;
			buildActionMask = 2147483647;
			files = (
				E39FF318225D19DB00219FE7 /* FolderCollectionTableViewCell.xib in Resources */,
				E345F5DB225FB91E00585793 /* PageImageCollectionViewCell.xib in Resources */,
				E39FF31C225D19E500219FE7 /* FileTableViewCell.xib in Resources */,
				E31C1BE8225BFD8E00A124BE /* LaunchScreen.storyboard in Resources */,
				E39FF310225D19B400219FE7 /* FolderCollectionViewCell.xib in Resources */,
				E39FF314225D19CA00219FE7 /* TagCollectionTableViewCell.xib in Resources */,
				E31C1BE5225BFD8E00A124BE /* Assets.xcassets in Resources */,
				E39FF322225D1C0900219FE7 /* FilterConditionsTableViewCell.xib in Resources */,
				E345F5DF225FE48700585793 /* NewPageCollectionViewCell.xib in Resources */,
				E39FF326225D258F00219FE7 /* FormTableViewCell.xib in Resources */,
				E39840802278DB7400AF66AC /* LocationAnnotationView.xib in Resources */,
				E356C3B22266E8BB00616BEA /* AddFormTableViewCell.xib in Resources */,
				E3F90344226912570048D7AB /* ShowTagsCollectionViewCell.xib in Resources */,
				E39FF30C225D19A900219FE7 /* MainTagCollectionViewCell.xib in Resources */,
				E3FE00252268359200627EAD /* TagTableViewCell.xib in Resources */,
				E31C1BE3225BFD8D00A124BE /* Main.storyboard in Resources */,
			);
			runOnlyForDeploymentPostprocessing = 0;
		};
/* End PBXResourcesBuildPhase section */

/* Begin PBXShellScriptBuildPhase section */
		50833541CA4359ACAD04297B /* [CP] Embed Pods Frameworks */ = {
			isa = PBXShellScriptBuildPhase;
			buildActionMask = 2147483647;
			files = (
			);
			inputFileListPaths = (
			);
			inputPaths = (
				"${SRCROOT}/Pods/Target Support Files/Pods-Scanner/Pods-Scanner-frameworks.sh",
				"${BUILT_PRODUCTS_DIR}/ChameleonFramework/ChameleonFramework.framework",
				"${BUILT_PRODUCTS_DIR}/DeviceKit/DeviceKit.framework",
				"${BUILT_PRODUCTS_DIR}/Realm/Realm.framework",
				"${BUILT_PRODUCTS_DIR}/RealmSwift/RealmSwift.framework",
				"${BUILT_PRODUCTS_DIR}/SwiftLocation/SwiftLocation.framework",
				"${BUILT_PRODUCTS_DIR}/SwiftyJSON/SwiftyJSON.framework",
				"${BUILT_PRODUCTS_DIR}/WeScan/WeScan.framework",
			);
			name = "[CP] Embed Pods Frameworks";
			outputFileListPaths = (
			);
			outputPaths = (
				"${TARGET_BUILD_DIR}/${FRAMEWORKS_FOLDER_PATH}/ChameleonFramework.framework",
				"${TARGET_BUILD_DIR}/${FRAMEWORKS_FOLDER_PATH}/DeviceKit.framework",
				"${TARGET_BUILD_DIR}/${FRAMEWORKS_FOLDER_PATH}/Realm.framework",
				"${TARGET_BUILD_DIR}/${FRAMEWORKS_FOLDER_PATH}/RealmSwift.framework",
				"${TARGET_BUILD_DIR}/${FRAMEWORKS_FOLDER_PATH}/SwiftLocation.framework",
				"${TARGET_BUILD_DIR}/${FRAMEWORKS_FOLDER_PATH}/SwiftyJSON.framework",
				"${TARGET_BUILD_DIR}/${FRAMEWORKS_FOLDER_PATH}/WeScan.framework",
			);
			runOnlyForDeploymentPostprocessing = 0;
			shellPath = /bin/sh;
			shellScript = "\"${SRCROOT}/Pods/Target Support Files/Pods-Scanner/Pods-Scanner-frameworks.sh\"\n";
			showEnvVarsInLog = 0;
		};
		B07CB0923E5C0EF73496FF25 /* [CP] Check Pods Manifest.lock */ = {
			isa = PBXShellScriptBuildPhase;
			buildActionMask = 2147483647;
			files = (
			);
			inputFileListPaths = (
			);
			inputPaths = (
				"${PODS_PODFILE_DIR_PATH}/Podfile.lock",
				"${PODS_ROOT}/Manifest.lock",
			);
			name = "[CP] Check Pods Manifest.lock";
			outputFileListPaths = (
			);
			outputPaths = (
				"$(DERIVED_FILE_DIR)/Pods-Scanner-checkManifestLockResult.txt",
			);
			runOnlyForDeploymentPostprocessing = 0;
			shellPath = /bin/sh;
			shellScript = "diff \"${PODS_PODFILE_DIR_PATH}/Podfile.lock\" \"${PODS_ROOT}/Manifest.lock\" > /dev/null\nif [ $? != 0 ] ; then\n    # print error to STDERR\n    echo \"error: The sandbox is not in sync with the Podfile.lock. Run 'pod install' or update your CocoaPods installation.\" >&2\n    exit 1\nfi\n# This output is used by Xcode 'outputs' to avoid re-running this script phase.\necho \"SUCCESS\" > \"${SCRIPT_OUTPUT_FILE_0}\"\n";
			showEnvVarsInLog = 0;
		};
/* End PBXShellScriptBuildPhase section */

/* Begin PBXSourcesBuildPhase section */
		E31C1BD6225BFD8D00A124BE /* Sources */ = {
			isa = PBXSourcesBuildPhase;
			buildActionMask = 2147483647;
			files = (
				E39FF32E225D40BA00219FE7 /* RealmTag.swift in Sources */,
				E30E61A8227A18D800F8DF86 /* AddTagPresenter.swift in Sources */,
				E398407B2278DA3900AF66AC /* ShowFileVCMapDelegate.swift in Sources */,
				E3A855FD2268216F002A05C2 /* ListTagsPresenter.swift in Sources */,
				E3B5DD22225DA0DE00ECDB4D /* CellDataProtocol.swift in Sources */,
				E39840742277A7FF00AF66AC /* RealmLocation.swift in Sources */,
				E345F5D6225FADDF00585793 /* ShowFileInteractor.swift in Sources */,
				E30E61AC227A18D800F8DF86 /* AddTagViewController.swift in Sources */,
				E3A855FE2268216F002A05C2 /* ListTagsWorker.swift in Sources */,
				E30E61A9227A18D800F8DF86 /* AddTagWorker.swift in Sources */,
				E34EA887225E757B00CCDE7A /* TagCollectionSource.swift in Sources */,
				E3FE00242268359200627EAD /* TagTableViewCell.swift in Sources */,
				E39FF32A225D40AB00219FE7 /* RealmPage.swift in Sources */,
				E3A855FF2268216F002A05C2 /* ListTagsRouter.swift in Sources */,
				E3DA41DD225C45680044D547 /* Tag.swift in Sources */,
				E30E61B6227A23CA00F8DF86 /* SettingsRouter.swift in Sources */,
				E31C1BF9225BFE0C00A124BE /* ListFilesPresenter.swift in Sources */,
				E3A856022268216F002A05C2 /* ListTagsInteractor.swift in Sources */,
				E3F90343226912570048D7AB /* ShowTagsCollectionViewCell.swift in Sources */,
				E39FF32C225D40B500219FE7 /* RealmFile.swift in Sources */,
				E39FF30B225D19A900219FE7 /* MainTagCollectionViewCell.swift in Sources */,
				E30E61AB227A18D800F8DF86 /* AddTagModels.swift in Sources */,
				E345F5DE225FE48700585793 /* NewPageCollectionViewCell.swift in Sources */,
				E31C1BFC225BFE0C00A124BE /* ListFilesModels.swift in Sources */,
				E345F5D3225FADDF00585793 /* ShowFileRouter.swift in Sources */,
				E356C3B12266E8BB00616BEA /* AddFormTableViewCell.swift in Sources */,
				E39FF313225D19CA00219FE7 /* TagCollectionTableViewCell.swift in Sources */,
				E3D288722262640300DB2D30 /* FileWorker.swift in Sources */,
				E31C1BFD225BFE0C00A124BE /* ListFilesViewController.swift in Sources */,
				E345F5D1225FADDF00585793 /* ShowFilePresenter.swift in Sources */,
				E345F5D2225FADDF00585793 /* ShowFileWorker.swift in Sources */,
				E39FF328225D267400219FE7 /* TagManager.swift in Sources */,
				E39FF304225D176900219FE7 /* UIViewExtension.swift in Sources */,
				E31C1BFA225BFE0C00A124BE /* ListFilesWorker.swift in Sources */,
				E31C1BE0225BFD8D00A124BE /* InitialViewController.swift in Sources */,
				E3DA41D9225C44FB0044D547 /* File.swift in Sources */,
				E39FF321225D1C0900219FE7 /* FilterConditionsTableViewCell.swift in Sources */,
				E3C1EF7422643DDB0035B9BA /* DatePresenter.swift in Sources */,
				E345F5DA225FB91E00585793 /* PageImageCollectionViewCell.swift in Sources */,
				E398407E2278DB6500AF66AC /* LocationAnnotationView.swift in Sources */,
				E345F5D4225FADDF00585793 /* ShowFileModels.swift in Sources */,
				E3984076227815C300AF66AC /* LocationService.swift in Sources */,
				E3DA41DB225C45090044D547 /* Page.swift in Sources */,
				E39FF334225D86C500219FE7 /* TestGenerator.swift in Sources */,
				E30E61B9227A23CA00F8DF86 /* SettingsInteractor.swift in Sources */,
				E31C1C09225C444600A124BE /* Form.swift in Sources */,
				E30E61AD227A18D800F8DF86 /* AddTagInteractor.swift in Sources */,
				E30E61B7227A23CA00F8DF86 /* SettingsModels.swift in Sources */,
				E3A856012268216F002A05C2 /* ListTagsViewController.swift in Sources */,
				E39FF305225D176900219FE7 /* UITextFieldExtension.swift in Sources */,
				E3F9033D22690FBB0048D7AB /* LeftAlignCollectionLayout.swift in Sources */,
				E31C1BDE225BFD8D00A124BE /* AppDelegate.swift in Sources */,
				E39FF325225D258F00219FE7 /* FormTableViewCell.swift in Sources */,
				E3C1EF76226449F70035B9BA /* RealmSetting.swift in Sources */,
				E39FF332225D655F00219FE7 /* FilePageManager.swift in Sources */,
				E39FF330225D40C100219FE7 /* RealmNameTemplate.swift in Sources */,
				E31C1BFE225BFE0C00A124BE /* ListFilesInteractor.swift in Sources */,
				E30E61AA227A18D800F8DF86 /* AddTagRouter.swift in Sources */,
				E3A856002268216F002A05C2 /* ListTagsModels.swift in Sources */,
				E31C1BFB225BFE0C00A124BE /* ListFilesRouter.swift in Sources */,
				E3DA41DF225C462F0044D547 /* StoreProtocol.swift in Sources */,
				E3984079227816F900AF66AC /* LocationRecord.swift in Sources */,
				E30E61B4227A23CA00F8DF86 /* SettingsPresenter.swift in Sources */,
				E39FF31B225D19E500219FE7 /* FileTableViewCell.swift in Sources */,
				E30E61B8227A23CA00F8DF86 /* SettingsViewController.swift in Sources */,
				E39FF30F225D19B400219FE7 /* FolderCollectionViewCell.swift in Sources */,
				E30E61B5227A23CA00F8DF86 /* SettingsWorker.swift in Sources */,
				E39FF317225D19DB00219FE7 /* FolderCollectionTableViewCell.swift in Sources */,
				E345F5D5225FADDF00585793 /* ShowFileViewController.swift in Sources */,
			);
			runOnlyForDeploymentPostprocessing = 0;
		};
/* End PBXSourcesBuildPhase section */

/* Begin PBXVariantGroup section */
		E31C1BE1225BFD8D00A124BE /* Main.storyboard */ = {
			isa = PBXVariantGroup;
			children = (
				E31C1BE2225BFD8D00A124BE /* Base */,
			);
			name = Main.storyboard;
			sourceTree = "<group>";
		};
		E31C1BE6225BFD8E00A124BE /* LaunchScreen.storyboard */ = {
			isa = PBXVariantGroup;
			children = (
				E31C1BE7225BFD8E00A124BE /* Base */,
			);
			name = LaunchScreen.storyboard;
			sourceTree = "<group>";
		};
/* End PBXVariantGroup section */

/* Begin XCBuildConfiguration section */
		E31C1BEA225BFD8E00A124BE /* Debug */ = {
			isa = XCBuildConfiguration;
			buildSettings = {
				ALWAYS_SEARCH_USER_PATHS = NO;
				CLANG_ANALYZER_NONNULL = YES;
				CLANG_ANALYZER_NUMBER_OBJECT_CONVERSION = YES_AGGRESSIVE;
				CLANG_CXX_LANGUAGE_STANDARD = "gnu++14";
				CLANG_CXX_LIBRARY = "libc++";
				CLANG_ENABLE_MODULES = YES;
				CLANG_ENABLE_OBJC_ARC = YES;
				CLANG_ENABLE_OBJC_WEAK = YES;
				CLANG_WARN_BLOCK_CAPTURE_AUTORELEASING = YES;
				CLANG_WARN_BOOL_CONVERSION = YES;
				CLANG_WARN_COMMA = YES;
				CLANG_WARN_CONSTANT_CONVERSION = YES;
				CLANG_WARN_DEPRECATED_OBJC_IMPLEMENTATIONS = YES;
				CLANG_WARN_DIRECT_OBJC_ISA_USAGE = YES_ERROR;
				CLANG_WARN_DOCUMENTATION_COMMENTS = YES;
				CLANG_WARN_EMPTY_BODY = YES;
				CLANG_WARN_ENUM_CONVERSION = YES;
				CLANG_WARN_INFINITE_RECURSION = YES;
				CLANG_WARN_INT_CONVERSION = YES;
				CLANG_WARN_NON_LITERAL_NULL_CONVERSION = YES;
				CLANG_WARN_OBJC_IMPLICIT_RETAIN_SELF = YES;
				CLANG_WARN_OBJC_LITERAL_CONVERSION = YES;
				CLANG_WARN_OBJC_ROOT_CLASS = YES_ERROR;
				CLANG_WARN_RANGE_LOOP_ANALYSIS = YES;
				CLANG_WARN_STRICT_PROTOTYPES = YES;
				CLANG_WARN_SUSPICIOUS_MOVE = YES;
				CLANG_WARN_UNGUARDED_AVAILABILITY = YES_AGGRESSIVE;
				CLANG_WARN_UNREACHABLE_CODE = YES;
				CLANG_WARN__DUPLICATE_METHOD_MATCH = YES;
				CODE_SIGN_IDENTITY = "iPhone Developer";
				COPY_PHASE_STRIP = NO;
				DEBUG_INFORMATION_FORMAT = dwarf;
				ENABLE_STRICT_OBJC_MSGSEND = YES;
				ENABLE_TESTABILITY = YES;
				GCC_C_LANGUAGE_STANDARD = gnu11;
				GCC_DYNAMIC_NO_PIC = NO;
				GCC_NO_COMMON_BLOCKS = YES;
				GCC_OPTIMIZATION_LEVEL = 0;
				GCC_PREPROCESSOR_DEFINITIONS = (
					"DEBUG=1",
					"$(inherited)",
				);
				GCC_WARN_64_TO_32_BIT_CONVERSION = YES;
				GCC_WARN_ABOUT_RETURN_TYPE = YES_ERROR;
				GCC_WARN_UNDECLARED_SELECTOR = YES;
				GCC_WARN_UNINITIALIZED_AUTOS = YES_AGGRESSIVE;
				GCC_WARN_UNUSED_FUNCTION = YES;
				GCC_WARN_UNUSED_VARIABLE = YES;
				IPHONEOS_DEPLOYMENT_TARGET = 12.1;
				MTL_ENABLE_DEBUG_INFO = INCLUDE_SOURCE;
				MTL_FAST_MATH = YES;
				ONLY_ACTIVE_ARCH = YES;
				SDKROOT = iphoneos;
				SWIFT_ACTIVE_COMPILATION_CONDITIONS = DEBUG;
				SWIFT_OPTIMIZATION_LEVEL = "-Onone";
			};
			name = Debug;
		};
		E31C1BEB225BFD8E00A124BE /* Release */ = {
			isa = XCBuildConfiguration;
			buildSettings = {
				ALWAYS_SEARCH_USER_PATHS = NO;
				CLANG_ANALYZER_NONNULL = YES;
				CLANG_ANALYZER_NUMBER_OBJECT_CONVERSION = YES_AGGRESSIVE;
				CLANG_CXX_LANGUAGE_STANDARD = "gnu++14";
				CLANG_CXX_LIBRARY = "libc++";
				CLANG_ENABLE_MODULES = YES;
				CLANG_ENABLE_OBJC_ARC = YES;
				CLANG_ENABLE_OBJC_WEAK = YES;
				CLANG_WARN_BLOCK_CAPTURE_AUTORELEASING = YES;
				CLANG_WARN_BOOL_CONVERSION = YES;
				CLANG_WARN_COMMA = YES;
				CLANG_WARN_CONSTANT_CONVERSION = YES;
				CLANG_WARN_DEPRECATED_OBJC_IMPLEMENTATIONS = YES;
				CLANG_WARN_DIRECT_OBJC_ISA_USAGE = YES_ERROR;
				CLANG_WARN_DOCUMENTATION_COMMENTS = YES;
				CLANG_WARN_EMPTY_BODY = YES;
				CLANG_WARN_ENUM_CONVERSION = YES;
				CLANG_WARN_INFINITE_RECURSION = YES;
				CLANG_WARN_INT_CONVERSION = YES;
				CLANG_WARN_NON_LITERAL_NULL_CONVERSION = YES;
				CLANG_WARN_OBJC_IMPLICIT_RETAIN_SELF = YES;
				CLANG_WARN_OBJC_LITERAL_CONVERSION = YES;
				CLANG_WARN_OBJC_ROOT_CLASS = YES_ERROR;
				CLANG_WARN_RANGE_LOOP_ANALYSIS = YES;
				CLANG_WARN_STRICT_PROTOTYPES = YES;
				CLANG_WARN_SUSPICIOUS_MOVE = YES;
				CLANG_WARN_UNGUARDED_AVAILABILITY = YES_AGGRESSIVE;
				CLANG_WARN_UNREACHABLE_CODE = YES;
				CLANG_WARN__DUPLICATE_METHOD_MATCH = YES;
				CODE_SIGN_IDENTITY = "iPhone Developer";
				COPY_PHASE_STRIP = NO;
				DEBUG_INFORMATION_FORMAT = "dwarf-with-dsym";
				ENABLE_NS_ASSERTIONS = NO;
				ENABLE_STRICT_OBJC_MSGSEND = YES;
				GCC_C_LANGUAGE_STANDARD = gnu11;
				GCC_NO_COMMON_BLOCKS = YES;
				GCC_WARN_64_TO_32_BIT_CONVERSION = YES;
				GCC_WARN_ABOUT_RETURN_TYPE = YES_ERROR;
				GCC_WARN_UNDECLARED_SELECTOR = YES;
				GCC_WARN_UNINITIALIZED_AUTOS = YES_AGGRESSIVE;
				GCC_WARN_UNUSED_FUNCTION = YES;
				GCC_WARN_UNUSED_VARIABLE = YES;
				IPHONEOS_DEPLOYMENT_TARGET = 12.1;
				MTL_ENABLE_DEBUG_INFO = NO;
				MTL_FAST_MATH = YES;
				SDKROOT = iphoneos;
				SWIFT_COMPILATION_MODE = wholemodule;
				SWIFT_OPTIMIZATION_LEVEL = "-O";
				VALIDATE_PRODUCT = YES;
			};
			name = Release;
		};
		E31C1BED225BFD8E00A124BE /* Debug */ = {
			isa = XCBuildConfiguration;
			baseConfigurationReference = 795DC54656ECF6B384640891 /* Pods-Scanner.debug.xcconfig */;
			buildSettings = {
				ASSETCATALOG_COMPILER_APPICON_NAME = AppIcon;
				CODE_SIGN_STYLE = Automatic;
				DEVELOPMENT_TEAM = 8S68WWN3AK;
				INFOPLIST_FILE = Scanner/Info.plist;
				LD_RUNPATH_SEARCH_PATHS = (
					"$(inherited)",
					"@executable_path/Frameworks",
				);
				PRODUCT_BUNDLE_IDENTIFIER = zzzz.Scanner;
				PRODUCT_NAME = "$(TARGET_NAME)";
				SWIFT_VERSION = 4.2;
				TARGETED_DEVICE_FAMILY = "1,2";
			};
			name = Debug;
		};
		E31C1BEE225BFD8E00A124BE /* Release */ = {
			isa = XCBuildConfiguration;
			baseConfigurationReference = 00474EBD94D2D5B8F1A6E98E /* Pods-Scanner.release.xcconfig */;
			buildSettings = {
				ASSETCATALOG_COMPILER_APPICON_NAME = AppIcon;
				CODE_SIGN_STYLE = Automatic;
				DEVELOPMENT_TEAM = 8S68WWN3AK;
				INFOPLIST_FILE = Scanner/Info.plist;
				LD_RUNPATH_SEARCH_PATHS = (
					"$(inherited)",
					"@executable_path/Frameworks",
				);
				PRODUCT_BUNDLE_IDENTIFIER = zzzz.Scanner;
				PRODUCT_NAME = "$(TARGET_NAME)";
				SWIFT_VERSION = 4.2;
				TARGETED_DEVICE_FAMILY = "1,2";
			};
			name = Release;
		};
/* End XCBuildConfiguration section */

/* Begin XCConfigurationList section */
		E31C1BD5225BFD8D00A124BE /* Build configuration list for PBXProject "Scanner" */ = {
			isa = XCConfigurationList;
			buildConfigurations = (
				E31C1BEA225BFD8E00A124BE /* Debug */,
				E31C1BEB225BFD8E00A124BE /* Release */,
			);
			defaultConfigurationIsVisible = 0;
			defaultConfigurationName = Release;
		};
		E31C1BEC225BFD8E00A124BE /* Build configuration list for PBXNativeTarget "Scanner" */ = {
			isa = XCConfigurationList;
			buildConfigurations = (
				E31C1BED225BFD8E00A124BE /* Debug */,
				E31C1BEE225BFD8E00A124BE /* Release */,
			);
			defaultConfigurationIsVisible = 0;
			defaultConfigurationName = Release;
		};
/* End XCConfigurationList section */
	};
	rootObject = E31C1BD2225BFD8D00A124BE /* Project object */;
}
